// !$*UTF8*$!
{
	archiveVersion = 1;
	classes = {
	};
	objectVersion = 50;
	objects = {

/* Begin PBXBuildFile section */
		43D615AF25B4BFF500E02C59 /* AppDelegate.swift in Sources */ = {isa = PBXBuildFile; fileRef = 43D615AE25B4BFF500E02C59 /* AppDelegate.swift */; };
		43D615B125B4BFF500E02C59 /* SceneDelegate.swift in Sources */ = {isa = PBXBuildFile; fileRef = 43D615B025B4BFF500E02C59 /* SceneDelegate.swift */; };
		43D615B325B4BFF500E02C59 /* ViewController.swift in Sources */ = {isa = PBXBuildFile; fileRef = 43D615B225B4BFF500E02C59 /* ViewController.swift */; };
		43D615B625B4BFF500E02C59 /* Main.storyboard in Resources */ = {isa = PBXBuildFile; fileRef = 43D615B425B4BFF500E02C59 /* Main.storyboard */; };
		43D615B825B4BFFA00E02C59 /* Assets.xcassets in Resources */ = {isa = PBXBuildFile; fileRef = 43D615B725B4BFFA00E02C59 /* Assets.xcassets */; };
		43D615BB25B4BFFA00E02C59 /* LaunchScreen.storyboard in Resources */ = {isa = PBXBuildFile; fileRef = 43D615B925B4BFFA00E02C59 /* LaunchScreen.storyboard */; };
		43D615C725B4C33300E02C59 /* Refeicao.swift in Sources */ = {isa = PBXBuildFile; fileRef = 43D615C625B4C33300E02C59 /* Refeicao.swift */; };
		43D615CA25B4C36500E02C59 /* Item.swift in Sources */ = {isa = PBXBuildFile; fileRef = 43D615C925B4C36500E02C59 /* Item.swift */; };
		43D615F125B4D17400E02C59 /* RefeicoesTableViewController.swift in Sources */ = {isa = PBXBuildFile; fileRef = 43D615F025B4D17400E02C59 /* RefeicoesTableViewController.swift */; };
/* End PBXBuildFile section */

/* Begin PBXFileReference section */
		43D615AB25B4BFF500E02C59 /* eggplant-brownie.app */ = {isa = PBXFileReference; explicitFileType = wrapper.application; includeInIndex = 0; path = "eggplant-brownie.app"; sourceTree = BUILT_PRODUCTS_DIR; };
		43D615AE25B4BFF500E02C59 /* AppDelegate.swift */ = {isa = PBXFileReference; lastKnownFileType = sourcecode.swift; path = AppDelegate.swift; sourceTree = "<group>"; };
		43D615B025B4BFF500E02C59 /* SceneDelegate.swift */ = {isa = PBXFileReference; lastKnownFileType = sourcecode.swift; path = SceneDelegate.swift; sourceTree = "<group>"; };
		43D615B225B4BFF500E02C59 /* ViewController.swift */ = {isa = PBXFileReference; lastKnownFileType = sourcecode.swift; path = ViewController.swift; sourceTree = "<group>"; };
		43D615B525B4BFF500E02C59 /* Base */ = {isa = PBXFileReference; lastKnownFileType = file.storyboard; name = Base; path = Base.lproj/Main.storyboard; sourceTree = "<group>"; };
		43D615B725B4BFFA00E02C59 /* Assets.xcassets */ = {isa = PBXFileReference; lastKnownFileType = folder.assetcatalog; path = Assets.xcassets; sourceTree = "<group>"; };
		43D615BA25B4BFFA00E02C59 /* Base */ = {isa = PBXFileReference; lastKnownFileType = file.storyboard; name = Base; path = Base.lproj/LaunchScreen.storyboard; sourceTree = "<group>"; };
		43D615BC25B4BFFA00E02C59 /* Info.plist */ = {isa = PBXFileReference; lastKnownFileType = text.plist.xml; path = Info.plist; sourceTree = "<group>"; };
		43D615C625B4C33300E02C59 /* Refeicao.swift */ = {isa = PBXFileReference; lastKnownFileType = sourcecode.swift; path = Refeicao.swift; sourceTree = "<group>"; };
		43D615C925B4C36500E02C59 /* Item.swift */ = {isa = PBXFileReference; lastKnownFileType = sourcecode.swift; path = Item.swift; sourceTree = "<group>"; };
		43D615CC25B4CA3100E02C59 /* MyPlayground.playground */ = {isa = PBXFileReference; lastKnownFileType = file.playground; path = MyPlayground.playground; sourceTree = "<group>"; xcLanguageSpecificationIdentifier = xcode.lang.swift; };
		43D615F025B4D17400E02C59 /* RefeicoesTableViewController.swift */ = {isa = PBXFileReference; lastKnownFileType = sourcecode.swift; path = RefeicoesTableViewController.swift; sourceTree = "<group>"; };
/* End PBXFileReference section */

/* Begin PBXFrameworksBuildPhase section */
		43D615A825B4BFF500E02C59 /* Frameworks */ = {
			isa = PBXFrameworksBuildPhase;
			buildActionMask = 2147483647;
			files = (
			);
			runOnlyForDeploymentPostprocessing = 0;
		};
/* End PBXFrameworksBuildPhase section */

/* Begin PBXGroup section */
		43D615A225B4BFF400E02C59 = {
			isa = PBXGroup;
			children = (
				43D615AD25B4BFF500E02C59 /* eggplant-brownie */,
				43D615AC25B4BFF500E02C59 /* Products */,
			);
			sourceTree = "<group>";
		};
		43D615AC25B4BFF500E02C59 /* Products */ = {
			isa = PBXGroup;
			children = (
				43D615AB25B4BFF500E02C59 /* eggplant-brownie.app */,
			);
			name = Products;
			sourceTree = "<group>";
		};
		43D615AD25B4BFF500E02C59 /* eggplant-brownie */ = {
			isa = PBXGroup;
			children = (
				43D615C525B4C31400E02C59 /* Controller */,
				43D615C425B4C30F00E02C59 /* View */,
				43D615C325B4C30900E02C59 /* Model */,
				43D615AE25B4BFF500E02C59 /* AppDelegate.swift */,
				43D615B025B4BFF500E02C59 /* SceneDelegate.swift */,
				43D615B725B4BFFA00E02C59 /* Assets.xcassets */,
				43D615CC25B4CA3100E02C59 /* MyPlayground.playground */,
				43D615B925B4BFFA00E02C59 /* LaunchScreen.storyboard */,
				43D615BC25B4BFFA00E02C59 /* Info.plist */,
			);
			path = "eggplant-brownie";
			sourceTree = "<group>";
		};
		43D615C325B4C30900E02C59 /* Model */ = {
			isa = PBXGroup;
			children = (
				43D615C625B4C33300E02C59 /* Refeicao.swift */,
				43D615C925B4C36500E02C59 /* Item.swift */,
			);
			path = Model;
			sourceTree = "<group>";
		};
		43D615C425B4C30F00E02C59 /* View */ = {
			isa = PBXGroup;
			children = (
				43D615B425B4BFF500E02C59 /* Main.storyboard */,
			);
			path = View;
			sourceTree = "<group>";
		};
		43D615C525B4C31400E02C59 /* Controller */ = {
			isa = PBXGroup;
			children = (
				43D615B225B4BFF500E02C59 /* ViewController.swift */,
				43D615F025B4D17400E02C59 /* RefeicoesTableViewController.swift */,
			);
			path = Controller;
			sourceTree = "<group>";
		};
/* End PBXGroup section */

/* Begin PBXNativeTarget section */
		43D615AA25B4BFF500E02C59 /* eggplant-brownie */ = {
			isa = PBXNativeTarget;
			buildConfigurationList = 43D615BF25B4BFFA00E02C59 /* Build configuration list for PBXNativeTarget "eggplant-brownie" */;
			buildPhases = (
				43D615A725B4BFF500E02C59 /* Sources */,
				43D615A825B4BFF500E02C59 /* Frameworks */,
				43D615A925B4BFF500E02C59 /* Resources */,
			);
			buildRules = (
			);
			dependencies = (
			);
			name = "eggplant-brownie";
			productName = "eggplant-brownie";
			productReference = 43D615AB25B4BFF500E02C59 /* eggplant-brownie.app */;
			productType = "com.apple.product-type.application";
		};
/* End PBXNativeTarget section */

/* Begin PBXProject section */
		43D615A325B4BFF400E02C59 /* Project object */ = {
			isa = PBXProject;
			attributes = {
				LastSwiftUpdateCheck = 1230;
				LastUpgradeCheck = 1230;
				TargetAttributes = {
					43D615AA25B4BFF500E02C59 = {
						CreatedOnToolsVersion = 12.3;
					};
				};
			};
			buildConfigurationList = 43D615A625B4BFF400E02C59 /* Build configuration list for PBXProject "eggplant-brownie" */;
			compatibilityVersion = "Xcode 9.3";
			developmentRegion = en;
			hasScannedForEncodings = 0;
			knownRegions = (
				en,
				Base,
			);
			mainGroup = 43D615A225B4BFF400E02C59;
			productRefGroup = 43D615AC25B4BFF500E02C59 /* Products */;
			projectDirPath = "";
			projectRoot = "";
			targets = (
				43D615AA25B4BFF500E02C59 /* eggplant-brownie */,
			);
		};
/* End PBXProject section */

/* Begin PBXResourcesBuildPhase section */
		43D615A925B4BFF500E02C59 /* Resources */ = {
			isa = PBXResourcesBuildPhase;
			buildActionMask = 2147483647;
			files = (
				43D615BB25B4BFFA00E02C59 /* LaunchScreen.storyboard in Resources */,
				43D615B825B4BFFA00E02C59 /* Assets.xcassets in Resources */,
				43D615B625B4BFF500E02C59 /* Main.storyboard in Resources */,
			);
			runOnlyForDeploymentPostprocessing = 0;
		};
/* End PBXResourcesBuildPhase section */

/* Begin PBXSourcesBuildPhase section */
		43D615A725B4BFF500E02C59 /* Sources */ = {
			isa = PBXSourcesBuildPhase;
			buildActionMask = 2147483647;
			files = (
				43D615CA25B4C36500E02C59 /* Item.swift in Sources */,
				43D615B325B4BFF500E02C59 /* ViewController.swift in Sources */,
				43D615AF25B4BFF500E02C59 /* AppDelegate.swift in Sources */,
				43D615F125B4D17400E02C59 /* RefeicoesTableViewController.swift in Sources */,
				43D615B125B4BFF500E02C59 /* SceneDelegate.swift in Sources */,
				43D615C725B4C33300E02C59 /* Refeicao.swift in Sources */,
			);
			runOnlyForDeploymentPostprocessing = 0;
		};
/* End PBXSourcesBuildPhase section */

/* Begin PBXVariantGroup section */
		43D615B425B4BFF500E02C59 /* Main.storyboard */ = {
			isa = PBXVariantGroup;
			children = (
				43D615B525B4BFF500E02C59 /* Base */,
			);
			name = Main.storyboard;
			sourceTree = "<group>";
		};
		43D615B925B4BFFA00E02C59 /* LaunchScreen.storyboard */ = {
			isa = PBXVariantGroup;
			children = (
				43D615BA25B4BFFA00E02C59 /* Base */,
			);
			name = LaunchScreen.storyboard;
			sourceTree = "<group>";
		};
/* End PBXVariantGroup section */

/* Begin XCBuildConfiguration section */
		43D615BD25B4BFFA00E02C59 /* Debug */ = {
			isa = XCBuildConfiguration;
			buildSettings = {
				ALWAYS_SEARCH_USER_PATHS = NO;
				CLANG_ANALYZER_NONNULL = YES;
				CLANG_ANALYZER_NUMBER_OBJECT_CONVERSION = YES_AGGRESSIVE;
				CLANG_CXX_LANGUAGE_STANDARD = "gnu++14";
				CLANG_CXX_LIBRARY = "libc++";
				CLANG_ENABLE_MODULES = YES;
				CLANG_ENABLE_OBJC_ARC = YES;
				CLANG_ENABLE_OBJC_WEAK = YES;
				CLANG_WARN_BLOCK_CAPTURE_AUTORELEASING = YES;
				CLANG_WARN_BOOL_CONVERSION = YES;
				CLANG_WARN_COMMA = YES;
				CLANG_WARN_CONSTANT_CONVERSION = YES;
				CLANG_WARN_DEPRECATED_OBJC_IMPLEMENTATIONS = YES;
				CLANG_WARN_DIRECT_OBJC_ISA_USAGE = YES_ERROR;
				CLANG_WARN_DOCUMENTATION_COMMENTS = YES;
				CLANG_WARN_EMPTY_BODY = YES;
				CLANG_WARN_ENUM_CONVERSION = YES;
				CLANG_WARN_INFINITE_RECURSION = YES;
				CLANG_WARN_INT_CONVERSION = YES;
				CLANG_WARN_NON_LITERAL_NULL_CONVERSION = YES;
				CLANG_WARN_OBJC_IMPLICIT_RETAIN_SELF = YES;
				CLANG_WARN_OBJC_LITERAL_CONVERSION = YES;
				CLANG_WARN_OBJC_ROOT_CLASS = YES_ERROR;
				CLANG_WARN_QUOTED_INCLUDE_IN_FRAMEWORK_HEADER = YES;
				CLANG_WARN_RANGE_LOOP_ANALYSIS = YES;
				CLANG_WARN_STRICT_PROTOTYPES = YES;
				CLANG_WARN_SUSPICIOUS_MOVE = YES;
				CLANG_WARN_UNGUARDED_AVAILABILITY = YES_AGGRESSIVE;
				CLANG_WARN_UNREACHABLE_CODE = YES;
				CLANG_WARN__DUPLICATE_METHOD_MATCH = YES;
				COPY_PHASE_STRIP = NO;
				DEBUG_INFORMATION_FORMAT = dwarf;
				ENABLE_STRICT_OBJC_MSGSEND = YES;
				ENABLE_TESTABILITY = YES;
				GCC_C_LANGUAGE_STANDARD = gnu11;
				GCC_DYNAMIC_NO_PIC = NO;
				GCC_NO_COMMON_BLOCKS = YES;
				GCC_OPTIMIZATION_LEVEL = 0;
				GCC_PREPROCESSOR_DEFINITIONS = (
					"DEBUG=1",
					"$(inherited)",
				);
				GCC_WARN_64_TO_32_BIT_CONVERSION = YES;
				GCC_WARN_ABOUT_RETURN_TYPE = YES_ERROR;
				GCC_WARN_UNDECLARED_SELECTOR = YES;
				GCC_WARN_UNINITIALIZED_AUTOS = YES_AGGRESSIVE;
				GCC_WARN_UNUSED_FUNCTION = YES;
				GCC_WARN_UNUSED_VARIABLE = YES;
				IPHONEOS_DEPLOYMENT_TARGET = 14.3;
				MTL_ENABLE_DEBUG_INFO = INCLUDE_SOURCE;
				MTL_FAST_MATH = YES;
				ONLY_ACTIVE_ARCH = YES;
				SDKROOT = iphoneos;
				SWIFT_ACTIVE_COMPILATION_CONDITIONS = DEBUG;
				SWIFT_OPTIMIZATION_LEVEL = "-Onone";
			};
			name = Debug;
		};
		43D615BE25B4BFFA00E02C59 /* Release */ = {
			isa = XCBuildConfiguration;
			buildSettings = {
				ALWAYS_SEARCH_USER_PATHS = NO;
				CLANG_ANALYZER_NONNULL = YES;
				CLANG_ANALYZER_NUMBER_OBJECT_CONVERSION = YES_AGGRESSIVE;
				CLANG_CXX_LANGUAGE_STANDARD = "gnu++14";
				CLANG_CXX_LIBRARY = "libc++";
				CLANG_ENABLE_MODULES = YES;
				CLANG_ENABLE_OBJC_ARC = YES;
				CLANG_ENABLE_OBJC_WEAK = YES;
				CLANG_WARN_BLOCK_CAPTURE_AUTORELEASING = YES;
				CLANG_WARN_BOOL_CONVERSION = YES;
				CLANG_WARN_COMMA = YES;
				CLANG_WARN_CONSTANT_CONVERSION = YES;
				CLANG_WARN_DEPRECATED_OBJC_IMPLEMENTATIONS = YES;
				CLANG_WARN_DIRECT_OBJC_ISA_USAGE = YES_ERROR;
				CLANG_WARN_DOCUMENTATION_COMMENTS = YES;
				CLANG_WARN_EMPTY_BODY = YES;
				CLANG_WARN_ENUM_CONVERSION = YES;
				CLANG_WARN_INFINITE_RECURSION = YES;
				CLANG_WARN_INT_CONVERSION = YES;
				CLANG_WARN_NON_LITERAL_NULL_CONVERSION = YES;
				CLANG_WARN_OBJC_IMPLICIT_RETAIN_SELF = YES;
				CLANG_WARN_OBJC_LITERAL_CONVERSION = YES;
				CLANG_WARN_OBJC_ROOT_CLASS = YES_ERROR;
				CLANG_WARN_QUOTED_INCLUDE_IN_FRAMEWORK_HEADER = YES;
				CLANG_WARN_RANGE_LOOP_ANALYSIS = YES;
				CLANG_WARN_STRICT_PROTOTYPES = YES;
				CLANG_WARN_SUSPICIOUS_MOVE = YES;
				CLANG_WARN_UNGUARDED_AVAILABILITY = YES_AGGRESSIVE;
				CLANG_WARN_UNREACHABLE_CODE = YES;
				CLANG_WARN__DUPLICATE_METHOD_MATCH = YES;
				COPY_PHASE_STRIP = NO;
				DEBUG_INFORMATION_FORMAT = "dwarf-with-dsym";
				ENABLE_NS_ASSERTIONS = NO;
				ENABLE_STRICT_OBJC_MSGSEND = YES;
				GCC_C_LANGUAGE_STANDARD = gnu11;
				GCC_NO_COMMON_BLOCKS = YES;
				GCC_WARN_64_TO_32_BIT_CONVERSION = YES;
				GCC_WARN_ABOUT_RETURN_TYPE = YES_ERROR;
				GCC_WARN_UNDECLARED_SELECTOR = YES;
				GCC_WARN_UNINITIALIZED_AUTOS = YES_AGGRESSIVE;
				GCC_WARN_UNUSED_FUNCTION = YES;
				GCC_WARN_UNUSED_VARIABLE = YES;
				IPHONEOS_DEPLOYMENT_TARGET = 14.3;
				MTL_ENABLE_DEBUG_INFO = NO;
				MTL_FAST_MATH = YES;
				SDKROOT = iphoneos;
				SWIFT_COMPILATION_MODE = wholemodule;
				SWIFT_OPTIMIZATION_LEVEL = "-O";
				VALIDATE_PRODUCT = YES;
			};
			name = Release;
		};
		43D615C025B4BFFA00E02C59 /* Debug */ = {
			isa = XCBuildConfiguration;
			buildSettings = {
				ASSETCATALOG_COMPILER_APPICON_NAME = AppIcon;
				ASSETCATALOG_COMPILER_GLOBAL_ACCENT_COLOR_NAME = AccentColor;
				CODE_SIGN_STYLE = Automatic;
				INFOPLIST_FILE = "eggplant-brownie/Info.plist";
				LD_RUNPATH_SEARCH_PATHS = (
					"$(inherited)",
					"@executable_path/Frameworks",
				);
				PRODUCT_BUNDLE_IDENTIFIER = "SosseiTechnologies.eggplant-brownie";
				PRODUCT_NAME = "$(TARGET_NAME)";
				SWIFT_VERSION = 5.0;
				TARGETED_DEVICE_FAMILY = "1,2";
			};
			name = Debug;
		};
		43D615C125B4BFFA00E02C59 /* Release */ = {
			isa = XCBuildConfiguration;
			buildSettings = {
				ASSETCATALOG_COMPILER_APPICON_NAME = AppIcon;
				ASSETCATALOG_COMPILER_GLOBAL_ACCENT_COLOR_NAME = AccentColor;
				CODE_SIGN_STYLE = Automatic;
				INFOPLIST_FILE = "eggplant-brownie/Info.plist";
				LD_RUNPATH_SEARCH_PATHS = (
					"$(inherited)",
					"@executable_path/Frameworks",
				);
				PRODUCT_BUNDLE_IDENTIFIER = "SosseiTechnologies.eggplant-brownie";
				PRODUCT_NAME = "$(TARGET_NAME)";
				SWIFT_VERSION = 5.0;
				TARGETED_DEVICE_FAMILY = "1,2";
			};
			name = Release;
		};
/* End XCBuildConfiguration section */

/* Begin XCConfigurationList section */
		43D615A625B4BFF400E02C59 /* Build configuration list for PBXProject "eggplant-brownie" */ = {
			isa = XCConfigurationList;
			buildConfigurations = (
				43D615BD25B4BFFA00E02C59 /* Debug */,
				43D615BE25B4BFFA00E02C59 /* Release */,
			);
			defaultConfigurationIsVisible = 0;
			defaultConfigurationName = Release;
		};
		43D615BF25B4BFFA00E02C59 /* Build configuration list for PBXNativeTarget "eggplant-brownie" */ = {
			isa = XCConfigurationList;
			buildConfigurations = (
				43D615C025B4BFFA00E02C59 /* Debug */,
				43D615C125B4BFFA00E02C59 /* Release */,
			);
			defaultConfigurationIsVisible = 0;
			defaultConfigurationName = Release;
		};
/* End XCConfigurationList section */
	};
	rootObject = 43D615A325B4BFF400E02C59 /* Project object */;
}
